
Microsoft Visual Studio Solution File, Format Version 12.00
# Visual Studio Version 17
VisualStudioVersion = 17.3.32929.385
MinimumVisualStudioVersion = 10.0.40219.1
Project("{FAE04EC0-301F-11D3-BF4B-00C04F79EFBC}") = "SysopTrainer", "SysopTrainer\SysopTrainer.csproj", "{2124136C-909C-4EA6-BCAE-62D556C45698}"
EndProject
Global
	GlobalSection(SolutionConfigurationPlatforms) = preSolution
		Debug|Any CPU = Debug|Any CPU
		Release|Any CPU = Release|Any CPU
	EndGlobalSection
	GlobalSection(ProjectConfigurationPlatforms) = postSolution
		{2124136C-909C-4EA6-BCAE-62D556C45698}.Debug|Any CPU.ActiveCfg = Debug|Any CPU
		{2124136C-909C-4EA6-BCAE-62D556C45698}.Debug|Any CPU.Build.0 = Debug|Any CPU
		{2124136C-909C-4EA6-BCAE-62D556C45698}.Release|Any CPU.ActiveCfg = Release|Any CPU
		{2124136C-909C-4EA6-BCAE-62D556C45698}.Release|Any CPU.Build.0 = Release|Any CPU
	EndGlobalSection
	GlobalSection(SolutionProperties) = preSolution
		HideSolutionNode = FALSE
	EndGlobalSection
	GlobalSection(ExtensibilityGlobals) = postSolution
		SolutionGuid = {26C79A63-D6E0-486C-A40C-B2C9AC54539B}
	EndGlobalSection
EndGlobal
